
Microsoft Visual Studio Solution File, Format Version 12.00
# Visual Studio Version 16
VisualStudioVersion = 16.0.32002.261
MinimumVisualStudioVersion = 10.0.40219.1
Project("{9A19103F-16F7-4668-BE54-9A1E7A4F7556}") = "Formulario Responsivo devex y bootstrap", "Formulario Responsivo devex y bootstrap.csproj", "{4A20CD32-D86D-481F-9610-A36C04EA0B0B}"
EndProject
Global
	GlobalSection(SolutionConfigurationPlatforms) = preSolution
		Debug|Any CPU = Debug|Any CPU
		Release|Any CPU = Release|Any CPU
	EndGlobalSection
	GlobalSection(ProjectConfigurationPlatforms) = postSolution
		{4A20CD32-D86D-481F-9610-A36C04EA0B0B}.Debug|Any CPU.ActiveCfg = Debug|Any CPU
		{4A20CD32-D86D-481F-9610-A36C04EA0B0B}.Debug|Any CPU.Build.0 = Debug|Any CPU
		{4A20CD32-D86D-481F-9610-A36C04EA0B0B}.Release|Any CPU.ActiveCfg = Release|Any CPU
		{4A20CD32-D86D-481F-9610-A36C04EA0B0B}.Release|Any CPU.Build.0 = Release|Any CPU
	EndGlobalSection
	GlobalSection(SolutionProperties) = preSolution
		HideSolutionNode = FALSE
	EndGlobalSection
	GlobalSection(ExtensibilityGlobals) = postSolution
		SolutionGuid = {D90489FB-AF00-4FCE-8639-40D3F8B06AD7}
	EndGlobalSection
EndGlobal
